
Microsoft Visual Studio Solution File, Format Version 12.00
# Visual Studio 15
VisualStudioVersion = 15.0.28307.779
MinimumVisualStudioVersion = 10.0.40219.1
Project("{FAE04EC0-301F-11D3-BF4B-00C04F79EFBC}") = "AntiTamper", "AntiTamper\AntiTamper.csproj", "{2BB2DF25-3088-4570-9FB6-EE83CF5FB707}"
EndProject
Global
	GlobalSection(SolutionConfigurationPlatforms) = preSolution
		Debug|Any CPU = Debug|Any CPU
		Release|Any CPU = Release|Any CPU
	EndGlobalSection
	GlobalSection(ProjectConfigurationPlatforms) = postSolution
		{2BB2DF25-3088-4570-9FB6-EE83CF5FB707}.Debug|Any CPU.ActiveCfg = Debug|Any CPU
		{2BB2DF25-3088-4570-9FB6-EE83CF5FB707}.Debug|Any CPU.Build.0 = Debug|Any CPU
		{2BB2DF25-3088-4570-9FB6-EE83CF5FB707}.Release|Any CPU.ActiveCfg = Release|Any CPU
		{2BB2DF25-3088-4570-9FB6-EE83CF5FB707}.Release|Any CPU.Build.0 = Release|Any CPU
	EndGlobalSection
	GlobalSection(SolutionProperties) = preSolution
		HideSolutionNode = FALSE
	EndGlobalSection
	GlobalSection(ExtensibilityGlobals) = postSolution
		SolutionGuid = {F2F16E64-2091-4D39-8A47-C0E97FDED84F}
	EndGlobalSection
EndGlobal
